
Microsoft Visual Studio Solution File, Format Version 12.00
# Visual Studio 15
Project("{FAE04EC0-301F-11D3-BF4B-00C04F79EFBC}") = "Assembly-CSharp", "Assembly-CSharp.csproj", "{DC100DB2-E130-225D-9AE8-6E6CAA3D9671}"
EndProject
Project("{FAE04EC0-301F-11D3-BF4B-00C04F79EFBC}") = "Assembly-CSharp-Editor", "Assembly-CSharp-Editor.csproj", "{E8E48DF4-BF27-8D99-9182-53CA555821BE}"
EndProject
Global
	GlobalSection(SolutionConfigurationPlatforms) = preSolution
		Debug|Any CPU = Debug|Any CPU
		Release|Any CPU = Release|Any CPU
	EndGlobalSection
	GlobalSection(ProjectConfigurationPlatforms) = postSolution
		{DC100DB2-E130-225D-9AE8-6E6CAA3D9671}.Debug|Any CPU.ActiveCfg = Debug|Any CPU
		{DC100DB2-E130-225D-9AE8-6E6CAA3D9671}.Debug|Any CPU.Build.0 = Debug|Any CPU
		{DC100DB2-E130-225D-9AE8-6E6CAA3D9671}.Release|Any CPU.ActiveCfg = Release|Any CPU
		{DC100DB2-E130-225D-9AE8-6E6CAA3D9671}.Release|Any CPU.Build.0 = Release|Any CPU
		{E8E48DF4-BF27-8D99-9182-53CA555821BE}.Debug|Any CPU.ActiveCfg = Debug|Any CPU
		{E8E48DF4-BF27-8D99-9182-53CA555821BE}.Debug|Any CPU.Build.0 = Debug|Any CPU
		{E8E48DF4-BF27-8D99-9182-53CA555821BE}.Release|Any CPU.ActiveCfg = Release|Any CPU
		{E8E48DF4-BF27-8D99-9182-53CA555821BE}.Release|Any CPU.Build.0 = Release|Any CPU
	EndGlobalSection
	GlobalSection(SolutionProperties) = preSolution
		HideSolutionNode = FALSE
	EndGlobalSection
EndGlobal
